<?xml version="1.0" encoding="utf-8"?>
<Project ToolsVersion="4.0" xmlns="http://schemas.microsoft.com/developer/msbuild/2003">
  <ItemGroup>
    <Filter Include="Source Files">
      <UniqueIdentifier>{4FC737F1-C7A5-4376-A066-2A32D752A2FF}</UniqueIdentifier>
      <Extensions>cpp;c;cc;cxx;def;odl;idl;hpj;bat;asm;asmx</Extensions>
    </Filter>
    <Filter Include="Header Files">
      <UniqueIdentifier>{93995380-89BD-4b04-88EB-625FBE52EBFB}</UniqueIdentifier>
      <Extensions>h;hh;hpp;hxx;hm;inl;inc;xsd</Extensions>
    </Filter>
    <Filter Include="Resource Files">
      <UniqueIdentifier>{67DA6AB6-F800-4c08-8B7A-83BB121AAD01}</UniqueIdentifier>
      <Extensions>rc;ico;cur;bmp;dlg;rc2;rct;bin;rgs;gif;jpg;jpeg;jpe;resx;tiff;tif;png;wav</Extensions>
    </Filter>
  </ItemGroup>
  <ItemGroup>
    <ClCompile Include="libhubbub_parserutils\src\charset\aliases.c">
      <Filter>Source Files</Filter>
    </ClCompile>
    <ClCompile Include="libhubbub_parserutils\src\charset\codec.c">
      <Filter>Source Files</Filter>
    </ClCompile>
    <ClCompile Include="libhubbub_parserutils\src\charset\codecs\codec_8859.c">
      <Filter>Source Files</Filter>
    </ClCompile>
    <ClCompile Include="libhubbub_parserutils\src\charset\codecs\codec_ascii.c">
      <Filter>Source Files</Filter>
    </ClCompile>
    <ClCompile Include="libhubbub_parserutils\src\charset\codecs\codec_ext8.c">
      <Filter>Source Files</Filter>
    </ClCompile>
    <ClCompile Include="libhubbub_parserutils\src\charset\codecs\codec_utf16.c">
      <Filter>Source Files</Filter>
    </ClCompile>
    <ClCompile Include="libhubbub_parserutils\src\charset\codecs\codec_utf8.c">
      <Filter>Source Files</Filter>
    </ClCompile>
    <ClCompile Include="libhubbub_parserutils\src\charset\encodings\utf16.c">
      <Filter>Source Files</Filter>
    </ClCompile>
    <ClCompile Include="libhubbub_parserutils\src\charset\encodings\utf8.c">
      <Filter>Source Files</Filter>
    </ClCompile>
    <ClCompile Include="libhubbub_parserutils\src\input\filter.c">
      <Filter>Source Files</Filter>
    </ClCompile>
    <ClCompile Include="libhubbub_parserutils\src\input\inputstream.c">
      <Filter>Source Files</Filter>
    </ClCompile>
    <ClCompile Include="libhubbub_parserutils\src\utils\buffer.c">
      <Filter>Source Files</Filter>
    </ClCompile>
    <ClCompile Include="libhubbub_parserutils\src\utils\errors.c">
      <Filter>Source Files</Filter>
    </ClCompile>
    <ClCompile Include="libhubbub_parserutils\src\utils\stack.c">
      <Filter>Source Files</Filter>
    </ClCompile>
    <ClCompile Include="libhubbub_parserutils\src\utils\vector.c">
      <Filter>Source Files</Filter>
    </ClCompile>
  </ItemGroup>
  <ItemGroup>
    <ClInclude Include="libhubbub_parserutils\include\parserutils\errors.h">
      <Filter>Header Files</Filter>
    </ClInclude>
    <ClInclude Include="libhubbub_parserutils\include\parserutils\functypes.h">
      <Filter>Header Files</Filter>
    </ClInclude>
    <ClInclude Include="libhubbub_parserutils\include\parserutils\parserutils.h">
      <Filter>Header Files</Filter>
    </ClInclude>
    <ClInclude Include="libhubbub_parserutils\include\parserutils\types.h">
      <Filter>Header Files</Filter>
    </ClInclude>
    <ClInclude Include="libhubbub_parserutils\include\parserutils\charset\codec.h">
      <Filter>Header Files</Filter>
    </ClInclude>
    <ClInclude Include="libhubbub_parserutils\include\parserutils\charset\mibenum.h">
      <Filter>Header Files</Filter>
    </ClInclude>
    <ClInclude Include="libhubbub_parserutils\include\parserutils\charset\utf16.h">
      <Filter>Header Files</Filter>
    </ClInclude>
    <ClInclude Include="libhubbub_parserutils\include\parserutils\charset\utf8.h">
      <Filter>Header Files</Filter>
    </ClInclude>
    <ClInclude Include="libhubbub_parserutils\include\parserutils\input\inputstream.h">
      <Filter>Header Files</Filter>
    </ClInclude>
    <ClInclude Include="libhubbub_parserutils\include\parserutils\utils\buffer.h">
      <Filter>Header Files</Filter>
    </ClInclude>
    <ClInclude Include="libhubbub_parserutils\include\parserutils\utils\stack.h">
      <Filter>Header Files</Filter>
    </ClInclude>
    <ClInclude Include="libhubbub_parserutils\include\parserutils\utils\vector.h">
      <Filter>Header Files</Filter>
    </ClInclude>
    <ClInclude Include="libhubbub_parserutils\src\charset\aliases.h">
      <Filter>Header Files</Filter>
    </ClInclude>
    <ClInclude Include="libhubbub_parserutils\src\charset\codecs\8859_tables.h">
      <Filter>Header Files</Filter>
    </ClInclude>
    <ClInclude Include="libhubbub_parserutils\src\charset\codecs\codec_impl.h">
      <Filter>Header Files</Filter>
    </ClInclude>
    <ClInclude Include="libhubbub_parserutils\src\charset\codecs\ext8_tables.h">
      <Filter>Header Files</Filter>
    </ClInclude>
    <ClInclude Include="libhubbub_parserutils\src\charset\encodings\utf8impl.h">
      <Filter>Header Files</Filter>
    </ClInclude>
    <ClInclude Include="libhubbub_parserutils\src\input\filter.h">
      <Filter>Header Files</Filter>
    </ClInclude>
    <ClInclude Include="libhubbub_parserutils\src\utils\endian.h">
      <Filter>Header Files</Filter>
    </ClInclude>
    <ClInclude Include="libhubbub_parserutils\src\utils\utils.h">
      <Filter>Header Files</Filter>
    </ClInclude>
    <ClInclude Include="libhubbub_parserutils\src\charset\aliases.inc">
      <Filter>Header Files</Filter>
    </ClInclude>
  </ItemGroup>
</Project>